
Microsoft Visual Studio Solution File, Format Version 12.00
# Visual Studio 15
VisualStudioVersion = 15.0.26228.12
MinimumVisualStudioVersion = 15.0.26124.0
Project("{9A19103F-16F7-4668-BE54-9A1E7A4F7556}") = "testvscode", "testvscode.csproj", "{216EEAAE-D3C9-4F1A-8449-4C768E4F97C0}"
EndProject
Project("{FAE04EC0-301F-11D3-BF4B-00C04F79EFBC}") = "EFDemo", "EFDemo\EFDemo.csproj", "{257E101F-EF46-42B2-92DB-22248941AE7C}"
EndProject
Project("{FAE04EC0-301F-11D3-BF4B-00C04F79EFBC}") = "EFDemoDelete", "EFDemoDelete\EFDemoDelete.csproj", "{A2392BA9-E328-4ABF-B358-F8F70BDF0085}"
EndProject
Project("{FAE04EC0-301F-11D3-BF4B-00C04F79EFBC}") = "EFDemo2Pagination", "EFDemo2Pagination\EFDemo2Pagination.csproj", "{D392D432-6BE1-4B67-83E2-83EE49022C80}"
EndProject
Global
	GlobalSection(SolutionConfigurationPlatforms) = preSolution
		Debug|Any CPU = Debug|Any CPU
		Debug|x64 = Debug|x64
		Debug|x86 = Debug|x86
		Release|Any CPU = Release|Any CPU
		Release|x64 = Release|x64
		Release|x86 = Release|x86
	EndGlobalSection
	GlobalSection(ProjectConfigurationPlatforms) = postSolution
		{216EEAAE-D3C9-4F1A-8449-4C768E4F97C0}.Debug|Any CPU.ActiveCfg = Debug|Any CPU
		{216EEAAE-D3C9-4F1A-8449-4C768E4F97C0}.Debug|Any CPU.Build.0 = Debug|Any CPU
		{216EEAAE-D3C9-4F1A-8449-4C768E4F97C0}.Debug|x64.ActiveCfg = Debug|Any CPU
		{216EEAAE-D3C9-4F1A-8449-4C768E4F97C0}.Debug|x64.Build.0 = Debug|Any CPU
		{216EEAAE-D3C9-4F1A-8449-4C768E4F97C0}.Debug|x86.ActiveCfg = Debug|Any CPU
		{216EEAAE-D3C9-4F1A-8449-4C768E4F97C0}.Debug|x86.Build.0 = Debug|Any CPU
		{216EEAAE-D3C9-4F1A-8449-4C768E4F97C0}.Release|Any CPU.ActiveCfg = Release|Any CPU
		{216EEAAE-D3C9-4F1A-8449-4C768E4F97C0}.Release|Any CPU.Build.0 = Release|Any CPU
		{216EEAAE-D3C9-4F1A-8449-4C768E4F97C0}.Release|x64.ActiveCfg = Release|Any CPU
		{216EEAAE-D3C9-4F1A-8449-4C768E4F97C0}.Release|x64.Build.0 = Release|Any CPU
		{216EEAAE-D3C9-4F1A-8449-4C768E4F97C0}.Release|x86.ActiveCfg = Release|Any CPU
		{216EEAAE-D3C9-4F1A-8449-4C768E4F97C0}.Release|x86.Build.0 = Release|Any CPU
		{257E101F-EF46-42B2-92DB-22248941AE7C}.Debug|Any CPU.ActiveCfg = Debug|Any CPU
		{257E101F-EF46-42B2-92DB-22248941AE7C}.Debug|Any CPU.Build.0 = Debug|Any CPU
		{257E101F-EF46-42B2-92DB-22248941AE7C}.Debug|x64.ActiveCfg = Debug|Any CPU
		{257E101F-EF46-42B2-92DB-22248941AE7C}.Debug|x64.Build.0 = Debug|Any CPU
		{257E101F-EF46-42B2-92DB-22248941AE7C}.Debug|x86.ActiveCfg = Debug|Any CPU
		{257E101F-EF46-42B2-92DB-22248941AE7C}.Debug|x86.Build.0 = Debug|Any CPU
		{257E101F-EF46-42B2-92DB-22248941AE7C}.Release|Any CPU.ActiveCfg = Release|Any CPU
		{257E101F-EF46-42B2-92DB-22248941AE7C}.Release|Any CPU.Build.0 = Release|Any CPU
		{257E101F-EF46-42B2-92DB-22248941AE7C}.Release|x64.ActiveCfg = Release|Any CPU
		{257E101F-EF46-42B2-92DB-22248941AE7C}.Release|x64.Build.0 = Release|Any CPU
		{257E101F-EF46-42B2-92DB-22248941AE7C}.Release|x86.ActiveCfg = Release|Any CPU
		{257E101F-EF46-42B2-92DB-22248941AE7C}.Release|x86.Build.0 = Release|Any CPU
		{A2392BA9-E328-4ABF-B358-F8F70BDF0085}.Debug|Any CPU.ActiveCfg = Debug|Any CPU
		{A2392BA9-E328-4ABF-B358-F8F70BDF0085}.Debug|Any CPU.Build.0 = Debug|Any CPU
		{A2392BA9-E328-4ABF-B358-F8F70BDF0085}.Debug|x64.ActiveCfg = Debug|Any CPU
		{A2392BA9-E328-4ABF-B358-F8F70BDF0085}.Debug|x64.Build.0 = Debug|Any CPU
		{A2392BA9-E328-4ABF-B358-F8F70BDF0085}.Debug|x86.ActiveCfg = Debug|Any CPU
		{A2392BA9-E328-4ABF-B358-F8F70BDF0085}.Debug|x86.Build.0 = Debug|Any CPU
		{A2392BA9-E328-4ABF-B358-F8F70BDF0085}.Release|Any CPU.ActiveCfg = Release|Any CPU
		{A2392BA9-E328-4ABF-B358-F8F70BDF0085}.Release|Any CPU.Build.0 = Release|Any CPU
		{A2392BA9-E328-4ABF-B358-F8F70BDF0085}.Release|x64.ActiveCfg = Release|Any CPU
		{A2392BA9-E328-4ABF-B358-F8F70BDF0085}.Release|x64.Build.0 = Release|Any CPU
		{A2392BA9-E328-4ABF-B358-F8F70BDF0085}.Release|x86.ActiveCfg = Release|Any CPU
		{A2392BA9-E328-4ABF-B358-F8F70BDF0085}.Release|x86.Build.0 = Release|Any CPU
		{D392D432-6BE1-4B67-83E2-83EE49022C80}.Debug|Any CPU.ActiveCfg = Debug|Any CPU
		{D392D432-6BE1-4B67-83E2-83EE49022C80}.Debug|Any CPU.Build.0 = Debug|Any CPU
		{D392D432-6BE1-4B67-83E2-83EE49022C80}.Debug|x64.ActiveCfg = Debug|Any CPU
		{D392D432-6BE1-4B67-83E2-83EE49022C80}.Debug|x64.Build.0 = Debug|Any CPU
		{D392D432-6BE1-4B67-83E2-83EE49022C80}.Debug|x86.ActiveCfg = Debug|Any CPU
		{D392D432-6BE1-4B67-83E2-83EE49022C80}.Debug|x86.Build.0 = Debug|Any CPU
		{D392D432-6BE1-4B67-83E2-83EE49022C80}.Release|Any CPU.ActiveCfg = Release|Any CPU
		{D392D432-6BE1-4B67-83E2-83EE49022C80}.Release|Any CPU.Build.0 = Release|Any CPU
		{D392D432-6BE1-4B67-83E2-83EE49022C80}.Release|x64.ActiveCfg = Release|Any CPU
		{D392D432-6BE1-4B67-83E2-83EE49022C80}.Release|x64.Build.0 = Release|Any CPU
		{D392D432-6BE1-4B67-83E2-83EE49022C80}.Release|x86.ActiveCfg = Release|Any CPU
		{D392D432-6BE1-4B67-83E2-83EE49022C80}.Release|x86.Build.0 = Release|Any CPU
	EndGlobalSection
	GlobalSection(SolutionProperties) = preSolution
		HideSolutionNode = FALSE
	EndGlobalSection
EndGlobal
