
Microsoft Visual Studio Solution File, Format Version 12.00
# Visual Studio 15
VisualStudioVersion = 15.0.26228.12
MinimumVisualStudioVersion = 15.0.26124.0
Project("{FAE04EC0-301F-11D3-BF4B-00C04F79EFBC}") = "EFDemo", "EFDemo\EFDemo.csproj", "{257E101F-EF46-42B2-92DB-22248941AE7C}"
EndProject
Project("{FAE04EC0-301F-11D3-BF4B-00C04F79EFBC}") = "EFDemoDelete", "EFDemoDelete\EFDemoDelete.csproj", "{A2392BA9-E328-4ABF-B358-F8F70BDF0085}"
EndProject
Project("{FAE04EC0-301F-11D3-BF4B-00C04F79EFBC}") = "EFDemo2Pagination", "EFDemo2Pagination\EFDemo2Pagination.csproj", "{D392D432-6BE1-4B67-83E2-83EE49022C80}"
EndProject
Project("{FAE04EC0-301F-11D3-BF4B-00C04F79EFBC}") = "EfDemoTransaction", "EfDemoTransaction\EfDemoTransaction.csproj", "{CDC12B3B-8F6A-49C5-8FC5-9C0FC5567AB0}"
EndProject
Project("{FAE04EC0-301F-11D3-BF4B-00C04F79EFBC}") = "ReflectionDemo1", "ReflectionDemo1\ReflectionDemo1.csproj", "{F2C081E4-DD15-4646-B134-1F2EC84A1F0A}"
EndProject
Project("{FAE04EC0-301F-11D3-BF4B-00C04F79EFBC}") = "ConsoleApp1", "ConsoleApp1\ConsoleApp1.csproj", "{CD0A2ABB-2451-4F57-894C-3BD0A81DF99E}"
EndProject
Project("{2150E333-8FDC-42A3-9474-1A3956D46DE8}") = "ExpressionDemos", "ExpressionDemos", "{0D22E885-31B7-4F33-8E58-AE0588642285}"
EndProject
Project("{FAE04EC0-301F-11D3-BF4B-00C04F79EFBC}") = "ExpressionDemo1", "ExpressionDemo1\ExpressionDemo1.csproj", "{F24A0846-8212-4E4E-9456-3E46E4AC0301}"
EndProject
Global
	GlobalSection(SolutionConfigurationPlatforms) = preSolution
		Debug|Any CPU = Debug|Any CPU
		Debug|x64 = Debug|x64
		Debug|x86 = Debug|x86
		Release|Any CPU = Release|Any CPU
		Release|x64 = Release|x64
		Release|x86 = Release|x86
	EndGlobalSection
	GlobalSection(ProjectConfigurationPlatforms) = postSolution
		{257E101F-EF46-42B2-92DB-22248941AE7C}.Debug|Any CPU.ActiveCfg = Debug|Any CPU
		{257E101F-EF46-42B2-92DB-22248941AE7C}.Debug|Any CPU.Build.0 = Debug|Any CPU
		{257E101F-EF46-42B2-92DB-22248941AE7C}.Debug|x64.ActiveCfg = Debug|Any CPU
		{257E101F-EF46-42B2-92DB-22248941AE7C}.Debug|x64.Build.0 = Debug|Any CPU
		{257E101F-EF46-42B2-92DB-22248941AE7C}.Debug|x86.ActiveCfg = Debug|Any CPU
		{257E101F-EF46-42B2-92DB-22248941AE7C}.Debug|x86.Build.0 = Debug|Any CPU
		{257E101F-EF46-42B2-92DB-22248941AE7C}.Release|Any CPU.ActiveCfg = Release|Any CPU
		{257E101F-EF46-42B2-92DB-22248941AE7C}.Release|Any CPU.Build.0 = Release|Any CPU
		{257E101F-EF46-42B2-92DB-22248941AE7C}.Release|x64.ActiveCfg = Release|Any CPU
		{257E101F-EF46-42B2-92DB-22248941AE7C}.Release|x64.Build.0 = Release|Any CPU
		{257E101F-EF46-42B2-92DB-22248941AE7C}.Release|x86.ActiveCfg = Release|Any CPU
		{257E101F-EF46-42B2-92DB-22248941AE7C}.Release|x86.Build.0 = Release|Any CPU
		{A2392BA9-E328-4ABF-B358-F8F70BDF0085}.Debug|Any CPU.ActiveCfg = Debug|Any CPU
		{A2392BA9-E328-4ABF-B358-F8F70BDF0085}.Debug|Any CPU.Build.0 = Debug|Any CPU
		{A2392BA9-E328-4ABF-B358-F8F70BDF0085}.Debug|x64.ActiveCfg = Debug|Any CPU
		{A2392BA9-E328-4ABF-B358-F8F70BDF0085}.Debug|x64.Build.0 = Debug|Any CPU
		{A2392BA9-E328-4ABF-B358-F8F70BDF0085}.Debug|x86.ActiveCfg = Debug|Any CPU
		{A2392BA9-E328-4ABF-B358-F8F70BDF0085}.Debug|x86.Build.0 = Debug|Any CPU
		{A2392BA9-E328-4ABF-B358-F8F70BDF0085}.Release|Any CPU.ActiveCfg = Release|Any CPU
		{A2392BA9-E328-4ABF-B358-F8F70BDF0085}.Release|Any CPU.Build.0 = Release|Any CPU
		{A2392BA9-E328-4ABF-B358-F8F70BDF0085}.Release|x64.ActiveCfg = Release|Any CPU
		{A2392BA9-E328-4ABF-B358-F8F70BDF0085}.Release|x64.Build.0 = Release|Any CPU
		{A2392BA9-E328-4ABF-B358-F8F70BDF0085}.Release|x86.ActiveCfg = Release|Any CPU
		{A2392BA9-E328-4ABF-B358-F8F70BDF0085}.Release|x86.Build.0 = Release|Any CPU
		{D392D432-6BE1-4B67-83E2-83EE49022C80}.Debug|Any CPU.ActiveCfg = Debug|Any CPU
		{D392D432-6BE1-4B67-83E2-83EE49022C80}.Debug|Any CPU.Build.0 = Debug|Any CPU
		{D392D432-6BE1-4B67-83E2-83EE49022C80}.Debug|x64.ActiveCfg = Debug|Any CPU
		{D392D432-6BE1-4B67-83E2-83EE49022C80}.Debug|x64.Build.0 = Debug|Any CPU
		{D392D432-6BE1-4B67-83E2-83EE49022C80}.Debug|x86.ActiveCfg = Debug|Any CPU
		{D392D432-6BE1-4B67-83E2-83EE49022C80}.Debug|x86.Build.0 = Debug|Any CPU
		{D392D432-6BE1-4B67-83E2-83EE49022C80}.Release|Any CPU.ActiveCfg = Release|Any CPU
		{D392D432-6BE1-4B67-83E2-83EE49022C80}.Release|Any CPU.Build.0 = Release|Any CPU
		{D392D432-6BE1-4B67-83E2-83EE49022C80}.Release|x64.ActiveCfg = Release|Any CPU
		{D392D432-6BE1-4B67-83E2-83EE49022C80}.Release|x64.Build.0 = Release|Any CPU
		{D392D432-6BE1-4B67-83E2-83EE49022C80}.Release|x86.ActiveCfg = Release|Any CPU
		{D392D432-6BE1-4B67-83E2-83EE49022C80}.Release|x86.Build.0 = Release|Any CPU
		{CDC12B3B-8F6A-49C5-8FC5-9C0FC5567AB0}.Debug|Any CPU.ActiveCfg = Debug|Any CPU
		{CDC12B3B-8F6A-49C5-8FC5-9C0FC5567AB0}.Debug|Any CPU.Build.0 = Debug|Any CPU
		{CDC12B3B-8F6A-49C5-8FC5-9C0FC5567AB0}.Debug|x64.ActiveCfg = Debug|Any CPU
		{CDC12B3B-8F6A-49C5-8FC5-9C0FC5567AB0}.Debug|x64.Build.0 = Debug|Any CPU
		{CDC12B3B-8F6A-49C5-8FC5-9C0FC5567AB0}.Debug|x86.ActiveCfg = Debug|Any CPU
		{CDC12B3B-8F6A-49C5-8FC5-9C0FC5567AB0}.Debug|x86.Build.0 = Debug|Any CPU
		{CDC12B3B-8F6A-49C5-8FC5-9C0FC5567AB0}.Release|Any CPU.ActiveCfg = Release|Any CPU
		{CDC12B3B-8F6A-49C5-8FC5-9C0FC5567AB0}.Release|Any CPU.Build.0 = Release|Any CPU
		{CDC12B3B-8F6A-49C5-8FC5-9C0FC5567AB0}.Release|x64.ActiveCfg = Release|Any CPU
		{CDC12B3B-8F6A-49C5-8FC5-9C0FC5567AB0}.Release|x64.Build.0 = Release|Any CPU
		{CDC12B3B-8F6A-49C5-8FC5-9C0FC5567AB0}.Release|x86.ActiveCfg = Release|Any CPU
		{CDC12B3B-8F6A-49C5-8FC5-9C0FC5567AB0}.Release|x86.Build.0 = Release|Any CPU
		{F2C081E4-DD15-4646-B134-1F2EC84A1F0A}.Debug|Any CPU.ActiveCfg = Debug|Any CPU
		{F2C081E4-DD15-4646-B134-1F2EC84A1F0A}.Debug|Any CPU.Build.0 = Debug|Any CPU
		{F2C081E4-DD15-4646-B134-1F2EC84A1F0A}.Debug|x64.ActiveCfg = Debug|Any CPU
		{F2C081E4-DD15-4646-B134-1F2EC84A1F0A}.Debug|x64.Build.0 = Debug|Any CPU
		{F2C081E4-DD15-4646-B134-1F2EC84A1F0A}.Debug|x86.ActiveCfg = Debug|Any CPU
		{F2C081E4-DD15-4646-B134-1F2EC84A1F0A}.Debug|x86.Build.0 = Debug|Any CPU
		{F2C081E4-DD15-4646-B134-1F2EC84A1F0A}.Release|Any CPU.ActiveCfg = Release|Any CPU
		{F2C081E4-DD15-4646-B134-1F2EC84A1F0A}.Release|Any CPU.Build.0 = Release|Any CPU
		{F2C081E4-DD15-4646-B134-1F2EC84A1F0A}.Release|x64.ActiveCfg = Release|Any CPU
		{F2C081E4-DD15-4646-B134-1F2EC84A1F0A}.Release|x64.Build.0 = Release|Any CPU
		{F2C081E4-DD15-4646-B134-1F2EC84A1F0A}.Release|x86.ActiveCfg = Release|Any CPU
		{F2C081E4-DD15-4646-B134-1F2EC84A1F0A}.Release|x86.Build.0 = Release|Any CPU
		{CD0A2ABB-2451-4F57-894C-3BD0A81DF99E}.Debug|Any CPU.ActiveCfg = Debug|Any CPU
		{CD0A2ABB-2451-4F57-894C-3BD0A81DF99E}.Debug|Any CPU.Build.0 = Debug|Any CPU
		{CD0A2ABB-2451-4F57-894C-3BD0A81DF99E}.Debug|x64.ActiveCfg = Debug|Any CPU
		{CD0A2ABB-2451-4F57-894C-3BD0A81DF99E}.Debug|x64.Build.0 = Debug|Any CPU
		{CD0A2ABB-2451-4F57-894C-3BD0A81DF99E}.Debug|x86.ActiveCfg = Debug|Any CPU
		{CD0A2ABB-2451-4F57-894C-3BD0A81DF99E}.Debug|x86.Build.0 = Debug|Any CPU
		{CD0A2ABB-2451-4F57-894C-3BD0A81DF99E}.Release|Any CPU.ActiveCfg = Release|Any CPU
		{CD0A2ABB-2451-4F57-894C-3BD0A81DF99E}.Release|Any CPU.Build.0 = Release|Any CPU
		{CD0A2ABB-2451-4F57-894C-3BD0A81DF99E}.Release|x64.ActiveCfg = Release|Any CPU
		{CD0A2ABB-2451-4F57-894C-3BD0A81DF99E}.Release|x64.Build.0 = Release|Any CPU
		{CD0A2ABB-2451-4F57-894C-3BD0A81DF99E}.Release|x86.ActiveCfg = Release|Any CPU
		{CD0A2ABB-2451-4F57-894C-3BD0A81DF99E}.Release|x86.Build.0 = Release|Any CPU
		{F24A0846-8212-4E4E-9456-3E46E4AC0301}.Debug|Any CPU.ActiveCfg = Debug|Any CPU
		{F24A0846-8212-4E4E-9456-3E46E4AC0301}.Debug|Any CPU.Build.0 = Debug|Any CPU
		{F24A0846-8212-4E4E-9456-3E46E4AC0301}.Debug|x64.ActiveCfg = Debug|Any CPU
		{F24A0846-8212-4E4E-9456-3E46E4AC0301}.Debug|x64.Build.0 = Debug|Any CPU
		{F24A0846-8212-4E4E-9456-3E46E4AC0301}.Debug|x86.ActiveCfg = Debug|Any CPU
		{F24A0846-8212-4E4E-9456-3E46E4AC0301}.Debug|x86.Build.0 = Debug|Any CPU
		{F24A0846-8212-4E4E-9456-3E46E4AC0301}.Release|Any CPU.ActiveCfg = Release|Any CPU
		{F24A0846-8212-4E4E-9456-3E46E4AC0301}.Release|Any CPU.Build.0 = Release|Any CPU
		{F24A0846-8212-4E4E-9456-3E46E4AC0301}.Release|x64.ActiveCfg = Release|Any CPU
		{F24A0846-8212-4E4E-9456-3E46E4AC0301}.Release|x64.Build.0 = Release|Any CPU
		{F24A0846-8212-4E4E-9456-3E46E4AC0301}.Release|x86.ActiveCfg = Release|Any CPU
		{F24A0846-8212-4E4E-9456-3E46E4AC0301}.Release|x86.Build.0 = Release|Any CPU
	EndGlobalSection
	GlobalSection(SolutionProperties) = preSolution
		HideSolutionNode = FALSE
	EndGlobalSection
	GlobalSection(NestedProjects) = preSolution
		{F24A0846-8212-4E4E-9456-3E46E4AC0301} = {0D22E885-31B7-4F33-8E58-AE0588642285}
	EndGlobalSection
EndGlobal
