
Microsoft Visual Studio Solution File, Format Version 12.00
# Visual Studio 15
VisualStudioVersion = 15.0.26730.3
MinimumVisualStudioVersion = 15.0.26124.0
Project("{FAE04EC0-301F-11D3-BF4B-00C04F79EFBC}") = "EFDemo", "EFDemo\EFDemo.csproj", "{257E101F-EF46-42B2-92DB-22248941AE7C}"
EndProject
Project("{FAE04EC0-301F-11D3-BF4B-00C04F79EFBC}") = "EFDemoDelete", "EFDemoDelete\EFDemoDelete.csproj", "{A2392BA9-E328-4ABF-B358-F8F70BDF0085}"
EndProject
Project("{FAE04EC0-301F-11D3-BF4B-00C04F79EFBC}") = "EFDemo2Pagination", "EFDemo2Pagination\EFDemo2Pagination.csproj", "{D392D432-6BE1-4B67-83E2-83EE49022C80}"
EndProject
Project("{FAE04EC0-301F-11D3-BF4B-00C04F79EFBC}") = "EfDemoTransaction", "EfDemoTransaction\EfDemoTransaction.csproj", "{CDC12B3B-8F6A-49C5-8FC5-9C0FC5567AB0}"
EndProject
Project("{FAE04EC0-301F-11D3-BF4B-00C04F79EFBC}") = "ReflectionDemo1", "ReflectionDemo1\ReflectionDemo1.csproj", "{F2C081E4-DD15-4646-B134-1F2EC84A1F0A}"
EndProject
Project("{9A19103F-16F7-4668-BE54-9A1E7A4F7556}") = "ConsoleApp1", "ConsoleApp1\ConsoleApp1.csproj", "{CD0A2ABB-2451-4F57-894C-3BD0A81DF99E}"
EndProject
Project("{2150E333-8FDC-42A3-9474-1A3956D46DE8}") = "ExpressionDemos", "ExpressionDemos", "{0D22E885-31B7-4F33-8E58-AE0588642285}"
EndProject
Project("{FAE04EC0-301F-11D3-BF4B-00C04F79EFBC}") = "ExpressionDemo1", "ExpressionDemo1\ExpressionDemo1.csproj", "{F24A0846-8212-4E4E-9456-3E46E4AC0301}"
EndProject
Project("{2150E333-8FDC-42A3-9474-1A3956D46DE8}") = "Asp.Net.Core.Demo", "Asp.Net.Core.Demo", "{095292FC-A7C7-4469-AA46-428F42507C29}"
EndProject
Project("{9A19103F-16F7-4668-BE54-9A1E7A4F7556}") = "RouteDemo1", "RouteDemo1\RouteDemo1.csproj", "{FAB31568-4AB4-49F6-8F17-96894EC74298}"
EndProject
Project("{2150E333-8FDC-42A3-9474-1A3956D46DE8}") = "TaskDemo", "TaskDemo", "{BFDDD205-F20C-4E2D-B11C-437F6DB7CD21}"
EndProject
Project("{FAE04EC0-301F-11D3-BF4B-00C04F79EFBC}") = "WaitHandleDemo1", "WaitHandleDemo1\WaitHandleDemo1.csproj", "{74E5E344-8236-41E0-8F3C-950B7C718F84}"
EndProject
Project("{FAE04EC0-301F-11D3-BF4B-00C04F79EFBC}") = "ManualResetEvent1", "ManualResetEvent1\ManualResetEvent1.csproj", "{766E948F-EACF-458C-9DBE-5811C5C64044}"
EndProject
Project("{FAE04EC0-301F-11D3-BF4B-00C04F79EFBC}") = "TaskLoopDemo1", "TaskLoopDemo1\TaskLoopDemo1.csproj", "{7B26E7E2-5124-47D6-885D-C61FE442BB3D}"
EndProject
Project("{2150E333-8FDC-42A3-9474-1A3956D46DE8}") = "ConsoleDemo", "ConsoleDemo", "{D732ED45-29E4-4904-BEC3-B6BB202DF90F}"
EndProject
Project("{FAE04EC0-301F-11D3-BF4B-00C04F79EFBC}") = "ConsoleApp2", "ConsoleDemo\ConsoleApp2\ConsoleApp2.csproj", "{50CEC2BA-1DDD-4CF1-B020-DA7FCE3436A3}"
EndProject
Project("{9A19103F-16F7-4668-BE54-9A1E7A4F7556}") = "CoreFramework452", "CoreFramework452\CoreFramework452.csproj", "{8AEE3C51-7F91-45A3-9B7A-D814CF2BB01F}"
EndProject
Project("{E53339B2-1760-4266-BCC7-CA923CBCF16C}") = "docker-compose", "docker-compose.dcproj", "{C8406343-92EB-4241-AD87-A70D17762E6E}"
EndProject
Project("{FAE04EC0-301F-11D3-BF4B-00C04F79EFBC}") = "WebApplication1", "WebApplication1\WebApplication1.csproj", "{BDF4E811-3D35-4C19-BCB9-E1A6C3306961}"
EndProject
Project("{FAE04EC0-301F-11D3-BF4B-00C04F79EFBC}") = "EFSplitTable", "EFSplitTable\EFSplitTable.csproj", "{0B1717CB-C203-4C7D-938E-DE90BA73DA80}"
EndProject
Project("{FAE04EC0-301F-11D3-BF4B-00C04F79EFBC}") = "SocketConsoleApp1", "ConsoleDemo\SocketConsoleApp1\SocketConsoleApp1.csproj", "{333EC915-1E0C-4A2F-975C-B141AC53C3F9}"
EndProject
Project("{FAE04EC0-301F-11D3-BF4B-00C04F79EFBC}") = "SocketConsoleApp2", "ConsoleDemo\SocketConsoleApp2\SocketConsoleApp2.csproj", "{E429D48E-BE44-4B19-A1F3-A20EDBAF3B47}"
EndProject
Project("{FAE04EC0-301F-11D3-BF4B-00C04F79EFBC}") = "AsyncTest", "ConsoleDemo\AsyncTest\AsyncTest.csproj", "{07CEAB91-EE83-44A1-8352-6CE50A6DC4C8}"
EndProject
Project("{FAE04EC0-301F-11D3-BF4B-00C04F79EFBC}") = "EnumDemo1", "ConsoleDemo\EnumDemo1\EnumDemo1.csproj", "{242F57A5-9B77-4E7D-A8AA-74B2F2E8B62A}"
EndProject
Project("{2150E333-8FDC-42A3-9474-1A3956D46DE8}") = "IdentityDemo", "IdentityDemo", "{BF7FA572-B2CC-4E08-9D9E-3B89F9C4B636}"
EndProject
Project("{2150E333-8FDC-42A3-9474-1A3956D46DE8}") = "Demo1", "Demo1", "{B1BE1ED2-E4DC-49D3-8498-915AD8406AB7}"
EndProject
Project("{9A19103F-16F7-4668-BE54-9A1E7A4F7556}") = "DemoClient", "IdengityDemo\Demo1\DemoClient\DemoClient.csproj", "{D4721B20-A17D-4D12-A42B-38F2F7DFCF1F}"
EndProject
Project("{9A19103F-16F7-4668-BE54-9A1E7A4F7556}") = "DemoOne", "IdengityDemo\Demo1\DemoOne\DemoOne.csproj", "{F9433454-ADF2-4CE9-B5EB-970E6EECAAEE}"
EndProject
Project("{9A19103F-16F7-4668-BE54-9A1E7A4F7556}") = "IdentityServer4.AccessTokenValidation", "IdengityDemo\Demo1\IdentityServer4.AccessTokenValidation-dev\src\IdentityServer4.AccessTokenValidation\IdentityServer4.AccessTokenValidation.csproj", "{BE85FE87-85E1-4948-9081-04EAA29666C1}"
EndProject
Project("{9A19103F-16F7-4668-BE54-9A1E7A4F7556}") = "WebApplication2", "IdengityDemo\Demo1\WebApplication2\WebApplication2.csproj", "{1F11E24A-BA3B-40DA-BB8C-90FCEE352466}"
EndProject
Project("{FAE04EC0-301F-11D3-BF4B-00C04F79EFBC}") = "TestCustomerFuncDemo", "ConsoleDemo\TestCustomerFuncDemo\TestCustomerFuncDemo.csproj", "{7B843A87-2F10-4B09-B8D5-31A8A63C4620}"
EndProject
Project("{FAE04EC0-301F-11D3-BF4B-00C04F79EFBC}") = "ApiCustomerDemo", "ConsoleDemo\ApiCustomerDemo\ApiCustomerDemo.csproj", "{064E1E16-F347-4902-9F41-291903348535}"
EndProject
Project("{2150E333-8FDC-42A3-9474-1A3956D46DE8}") = "ProtoDemo", "ProtoDemo", "{2464FDFB-C45F-48CE-9FF8-611A726443E6}"
EndProject
Project("{FAE04EC0-301F-11D3-BF4B-00C04F79EFBC}") = "ProtoDemo1", "ProtoDemo\ProtoDemo1\ProtoDemo1.csproj", "{8A24E8E8-7F7D-4661-9A57-52FCE13D8F7D}"
EndProject
Global
	GlobalSection(SolutionConfigurationPlatforms) = preSolution
		Debug|Any CPU = Debug|Any CPU
		Debug|x64 = Debug|x64
		Debug|x86 = Debug|x86
		Release|Any CPU = Release|Any CPU
		Release|x64 = Release|x64
		Release|x86 = Release|x86
	EndGlobalSection
	GlobalSection(ProjectConfigurationPlatforms) = postSolution
		{257E101F-EF46-42B2-92DB-22248941AE7C}.Debug|Any CPU.ActiveCfg = Debug|Any CPU
		{257E101F-EF46-42B2-92DB-22248941AE7C}.Debug|Any CPU.Build.0 = Debug|Any CPU
		{257E101F-EF46-42B2-92DB-22248941AE7C}.Debug|x64.ActiveCfg = Debug|Any CPU
		{257E101F-EF46-42B2-92DB-22248941AE7C}.Debug|x64.Build.0 = Debug|Any CPU
		{257E101F-EF46-42B2-92DB-22248941AE7C}.Debug|x86.ActiveCfg = Debug|Any CPU
		{257E101F-EF46-42B2-92DB-22248941AE7C}.Debug|x86.Build.0 = Debug|Any CPU
		{257E101F-EF46-42B2-92DB-22248941AE7C}.Release|Any CPU.ActiveCfg = Release|Any CPU
		{257E101F-EF46-42B2-92DB-22248941AE7C}.Release|Any CPU.Build.0 = Release|Any CPU
		{257E101F-EF46-42B2-92DB-22248941AE7C}.Release|x64.ActiveCfg = Release|Any CPU
		{257E101F-EF46-42B2-92DB-22248941AE7C}.Release|x64.Build.0 = Release|Any CPU
		{257E101F-EF46-42B2-92DB-22248941AE7C}.Release|x86.ActiveCfg = Release|Any CPU
		{257E101F-EF46-42B2-92DB-22248941AE7C}.Release|x86.Build.0 = Release|Any CPU
		{A2392BA9-E328-4ABF-B358-F8F70BDF0085}.Debug|Any CPU.ActiveCfg = Debug|Any CPU
		{A2392BA9-E328-4ABF-B358-F8F70BDF0085}.Debug|Any CPU.Build.0 = Debug|Any CPU
		{A2392BA9-E328-4ABF-B358-F8F70BDF0085}.Debug|x64.ActiveCfg = Debug|Any CPU
		{A2392BA9-E328-4ABF-B358-F8F70BDF0085}.Debug|x64.Build.0 = Debug|Any CPU
		{A2392BA9-E328-4ABF-B358-F8F70BDF0085}.Debug|x86.ActiveCfg = Debug|Any CPU
		{A2392BA9-E328-4ABF-B358-F8F70BDF0085}.Debug|x86.Build.0 = Debug|Any CPU
		{A2392BA9-E328-4ABF-B358-F8F70BDF0085}.Release|Any CPU.ActiveCfg = Release|Any CPU
		{A2392BA9-E328-4ABF-B358-F8F70BDF0085}.Release|Any CPU.Build.0 = Release|Any CPU
		{A2392BA9-E328-4ABF-B358-F8F70BDF0085}.Release|x64.ActiveCfg = Release|Any CPU
		{A2392BA9-E328-4ABF-B358-F8F70BDF0085}.Release|x64.Build.0 = Release|Any CPU
		{A2392BA9-E328-4ABF-B358-F8F70BDF0085}.Release|x86.ActiveCfg = Release|Any CPU
		{A2392BA9-E328-4ABF-B358-F8F70BDF0085}.Release|x86.Build.0 = Release|Any CPU
		{D392D432-6BE1-4B67-83E2-83EE49022C80}.Debug|Any CPU.ActiveCfg = Debug|Any CPU
		{D392D432-6BE1-4B67-83E2-83EE49022C80}.Debug|Any CPU.Build.0 = Debug|Any CPU
		{D392D432-6BE1-4B67-83E2-83EE49022C80}.Debug|x64.ActiveCfg = Debug|Any CPU
		{D392D432-6BE1-4B67-83E2-83EE49022C80}.Debug|x64.Build.0 = Debug|Any CPU
		{D392D432-6BE1-4B67-83E2-83EE49022C80}.Debug|x86.ActiveCfg = Debug|Any CPU
		{D392D432-6BE1-4B67-83E2-83EE49022C80}.Debug|x86.Build.0 = Debug|Any CPU
		{D392D432-6BE1-4B67-83E2-83EE49022C80}.Release|Any CPU.ActiveCfg = Release|Any CPU
		{D392D432-6BE1-4B67-83E2-83EE49022C80}.Release|Any CPU.Build.0 = Release|Any CPU
		{D392D432-6BE1-4B67-83E2-83EE49022C80}.Release|x64.ActiveCfg = Release|Any CPU
		{D392D432-6BE1-4B67-83E2-83EE49022C80}.Release|x64.Build.0 = Release|Any CPU
		{D392D432-6BE1-4B67-83E2-83EE49022C80}.Release|x86.ActiveCfg = Release|Any CPU
		{D392D432-6BE1-4B67-83E2-83EE49022C80}.Release|x86.Build.0 = Release|Any CPU
		{CDC12B3B-8F6A-49C5-8FC5-9C0FC5567AB0}.Debug|Any CPU.ActiveCfg = Debug|Any CPU
		{CDC12B3B-8F6A-49C5-8FC5-9C0FC5567AB0}.Debug|Any CPU.Build.0 = Debug|Any CPU
		{CDC12B3B-8F6A-49C5-8FC5-9C0FC5567AB0}.Debug|x64.ActiveCfg = Debug|Any CPU
		{CDC12B3B-8F6A-49C5-8FC5-9C0FC5567AB0}.Debug|x64.Build.0 = Debug|Any CPU
		{CDC12B3B-8F6A-49C5-8FC5-9C0FC5567AB0}.Debug|x86.ActiveCfg = Debug|Any CPU
		{CDC12B3B-8F6A-49C5-8FC5-9C0FC5567AB0}.Debug|x86.Build.0 = Debug|Any CPU
		{CDC12B3B-8F6A-49C5-8FC5-9C0FC5567AB0}.Release|Any CPU.ActiveCfg = Release|Any CPU
		{CDC12B3B-8F6A-49C5-8FC5-9C0FC5567AB0}.Release|Any CPU.Build.0 = Release|Any CPU
		{CDC12B3B-8F6A-49C5-8FC5-9C0FC5567AB0}.Release|x64.ActiveCfg = Release|Any CPU
		{CDC12B3B-8F6A-49C5-8FC5-9C0FC5567AB0}.Release|x64.Build.0 = Release|Any CPU
		{CDC12B3B-8F6A-49C5-8FC5-9C0FC5567AB0}.Release|x86.ActiveCfg = Release|Any CPU
		{CDC12B3B-8F6A-49C5-8FC5-9C0FC5567AB0}.Release|x86.Build.0 = Release|Any CPU
		{F2C081E4-DD15-4646-B134-1F2EC84A1F0A}.Debug|Any CPU.ActiveCfg = Debug|Any CPU
		{F2C081E4-DD15-4646-B134-1F2EC84A1F0A}.Debug|Any CPU.Build.0 = Debug|Any CPU
		{F2C081E4-DD15-4646-B134-1F2EC84A1F0A}.Debug|x64.ActiveCfg = Debug|Any CPU
		{F2C081E4-DD15-4646-B134-1F2EC84A1F0A}.Debug|x64.Build.0 = Debug|Any CPU
		{F2C081E4-DD15-4646-B134-1F2EC84A1F0A}.Debug|x86.ActiveCfg = Debug|Any CPU
		{F2C081E4-DD15-4646-B134-1F2EC84A1F0A}.Debug|x86.Build.0 = Debug|Any CPU
		{F2C081E4-DD15-4646-B134-1F2EC84A1F0A}.Release|Any CPU.ActiveCfg = Release|Any CPU
		{F2C081E4-DD15-4646-B134-1F2EC84A1F0A}.Release|Any CPU.Build.0 = Release|Any CPU
		{F2C081E4-DD15-4646-B134-1F2EC84A1F0A}.Release|x64.ActiveCfg = Release|Any CPU
		{F2C081E4-DD15-4646-B134-1F2EC84A1F0A}.Release|x64.Build.0 = Release|Any CPU
		{F2C081E4-DD15-4646-B134-1F2EC84A1F0A}.Release|x86.ActiveCfg = Release|Any CPU
		{F2C081E4-DD15-4646-B134-1F2EC84A1F0A}.Release|x86.Build.0 = Release|Any CPU
		{CD0A2ABB-2451-4F57-894C-3BD0A81DF99E}.Debug|Any CPU.ActiveCfg = Debug|Any CPU
		{CD0A2ABB-2451-4F57-894C-3BD0A81DF99E}.Debug|Any CPU.Build.0 = Debug|Any CPU
		{CD0A2ABB-2451-4F57-894C-3BD0A81DF99E}.Debug|x64.ActiveCfg = Debug|Any CPU
		{CD0A2ABB-2451-4F57-894C-3BD0A81DF99E}.Debug|x64.Build.0 = Debug|Any CPU
		{CD0A2ABB-2451-4F57-894C-3BD0A81DF99E}.Debug|x86.ActiveCfg = Debug|Any CPU
		{CD0A2ABB-2451-4F57-894C-3BD0A81DF99E}.Debug|x86.Build.0 = Debug|Any CPU
		{CD0A2ABB-2451-4F57-894C-3BD0A81DF99E}.Release|Any CPU.ActiveCfg = Release|Any CPU
		{CD0A2ABB-2451-4F57-894C-3BD0A81DF99E}.Release|Any CPU.Build.0 = Release|Any CPU
		{CD0A2ABB-2451-4F57-894C-3BD0A81DF99E}.Release|x64.ActiveCfg = Release|Any CPU
		{CD0A2ABB-2451-4F57-894C-3BD0A81DF99E}.Release|x64.Build.0 = Release|Any CPU
		{CD0A2ABB-2451-4F57-894C-3BD0A81DF99E}.Release|x86.ActiveCfg = Release|Any CPU
		{CD0A2ABB-2451-4F57-894C-3BD0A81DF99E}.Release|x86.Build.0 = Release|Any CPU
		{F24A0846-8212-4E4E-9456-3E46E4AC0301}.Debug|Any CPU.ActiveCfg = Debug|Any CPU
		{F24A0846-8212-4E4E-9456-3E46E4AC0301}.Debug|Any CPU.Build.0 = Debug|Any CPU
		{F24A0846-8212-4E4E-9456-3E46E4AC0301}.Debug|x64.ActiveCfg = Debug|Any CPU
		{F24A0846-8212-4E4E-9456-3E46E4AC0301}.Debug|x64.Build.0 = Debug|Any CPU
		{F24A0846-8212-4E4E-9456-3E46E4AC0301}.Debug|x86.ActiveCfg = Debug|Any CPU
		{F24A0846-8212-4E4E-9456-3E46E4AC0301}.Debug|x86.Build.0 = Debug|Any CPU
		{F24A0846-8212-4E4E-9456-3E46E4AC0301}.Release|Any CPU.ActiveCfg = Release|Any CPU
		{F24A0846-8212-4E4E-9456-3E46E4AC0301}.Release|Any CPU.Build.0 = Release|Any CPU
		{F24A0846-8212-4E4E-9456-3E46E4AC0301}.Release|x64.ActiveCfg = Release|Any CPU
		{F24A0846-8212-4E4E-9456-3E46E4AC0301}.Release|x64.Build.0 = Release|Any CPU
		{F24A0846-8212-4E4E-9456-3E46E4AC0301}.Release|x86.ActiveCfg = Release|Any CPU
		{F24A0846-8212-4E4E-9456-3E46E4AC0301}.Release|x86.Build.0 = Release|Any CPU
		{FAB31568-4AB4-49F6-8F17-96894EC74298}.Debug|Any CPU.ActiveCfg = Debug|Any CPU
		{FAB31568-4AB4-49F6-8F17-96894EC74298}.Debug|Any CPU.Build.0 = Debug|Any CPU
		{FAB31568-4AB4-49F6-8F17-96894EC74298}.Debug|x64.ActiveCfg = Debug|Any CPU
		{FAB31568-4AB4-49F6-8F17-96894EC74298}.Debug|x64.Build.0 = Debug|Any CPU
		{FAB31568-4AB4-49F6-8F17-96894EC74298}.Debug|x86.ActiveCfg = Debug|Any CPU
		{FAB31568-4AB4-49F6-8F17-96894EC74298}.Debug|x86.Build.0 = Debug|Any CPU
		{FAB31568-4AB4-49F6-8F17-96894EC74298}.Release|Any CPU.ActiveCfg = Release|Any CPU
		{FAB31568-4AB4-49F6-8F17-96894EC74298}.Release|Any CPU.Build.0 = Release|Any CPU
		{FAB31568-4AB4-49F6-8F17-96894EC74298}.Release|x64.ActiveCfg = Release|Any CPU
		{FAB31568-4AB4-49F6-8F17-96894EC74298}.Release|x64.Build.0 = Release|Any CPU
		{FAB31568-4AB4-49F6-8F17-96894EC74298}.Release|x86.ActiveCfg = Release|Any CPU
		{FAB31568-4AB4-49F6-8F17-96894EC74298}.Release|x86.Build.0 = Release|Any CPU
		{74E5E344-8236-41E0-8F3C-950B7C718F84}.Debug|Any CPU.ActiveCfg = Debug|Any CPU
		{74E5E344-8236-41E0-8F3C-950B7C718F84}.Debug|Any CPU.Build.0 = Debug|Any CPU
		{74E5E344-8236-41E0-8F3C-950B7C718F84}.Debug|x64.ActiveCfg = Debug|Any CPU
		{74E5E344-8236-41E0-8F3C-950B7C718F84}.Debug|x64.Build.0 = Debug|Any CPU
		{74E5E344-8236-41E0-8F3C-950B7C718F84}.Debug|x86.ActiveCfg = Debug|Any CPU
		{74E5E344-8236-41E0-8F3C-950B7C718F84}.Debug|x86.Build.0 = Debug|Any CPU
		{74E5E344-8236-41E0-8F3C-950B7C718F84}.Release|Any CPU.ActiveCfg = Release|Any CPU
		{74E5E344-8236-41E0-8F3C-950B7C718F84}.Release|Any CPU.Build.0 = Release|Any CPU
		{74E5E344-8236-41E0-8F3C-950B7C718F84}.Release|x64.ActiveCfg = Release|Any CPU
		{74E5E344-8236-41E0-8F3C-950B7C718F84}.Release|x64.Build.0 = Release|Any CPU
		{74E5E344-8236-41E0-8F3C-950B7C718F84}.Release|x86.ActiveCfg = Release|Any CPU
		{74E5E344-8236-41E0-8F3C-950B7C718F84}.Release|x86.Build.0 = Release|Any CPU
		{766E948F-EACF-458C-9DBE-5811C5C64044}.Debug|Any CPU.ActiveCfg = Debug|Any CPU
		{766E948F-EACF-458C-9DBE-5811C5C64044}.Debug|Any CPU.Build.0 = Debug|Any CPU
		{766E948F-EACF-458C-9DBE-5811C5C64044}.Debug|x64.ActiveCfg = Debug|Any CPU
		{766E948F-EACF-458C-9DBE-5811C5C64044}.Debug|x64.Build.0 = Debug|Any CPU
		{766E948F-EACF-458C-9DBE-5811C5C64044}.Debug|x86.ActiveCfg = Debug|Any CPU
		{766E948F-EACF-458C-9DBE-5811C5C64044}.Debug|x86.Build.0 = Debug|Any CPU
		{766E948F-EACF-458C-9DBE-5811C5C64044}.Release|Any CPU.ActiveCfg = Release|Any CPU
		{766E948F-EACF-458C-9DBE-5811C5C64044}.Release|Any CPU.Build.0 = Release|Any CPU
		{766E948F-EACF-458C-9DBE-5811C5C64044}.Release|x64.ActiveCfg = Release|Any CPU
		{766E948F-EACF-458C-9DBE-5811C5C64044}.Release|x64.Build.0 = Release|Any CPU
		{766E948F-EACF-458C-9DBE-5811C5C64044}.Release|x86.ActiveCfg = Release|Any CPU
		{766E948F-EACF-458C-9DBE-5811C5C64044}.Release|x86.Build.0 = Release|Any CPU
		{7B26E7E2-5124-47D6-885D-C61FE442BB3D}.Debug|Any CPU.ActiveCfg = Debug|Any CPU
		{7B26E7E2-5124-47D6-885D-C61FE442BB3D}.Debug|Any CPU.Build.0 = Debug|Any CPU
		{7B26E7E2-5124-47D6-885D-C61FE442BB3D}.Debug|x64.ActiveCfg = Debug|Any CPU
		{7B26E7E2-5124-47D6-885D-C61FE442BB3D}.Debug|x64.Build.0 = Debug|Any CPU
		{7B26E7E2-5124-47D6-885D-C61FE442BB3D}.Debug|x86.ActiveCfg = Debug|Any CPU
		{7B26E7E2-5124-47D6-885D-C61FE442BB3D}.Debug|x86.Build.0 = Debug|Any CPU
		{7B26E7E2-5124-47D6-885D-C61FE442BB3D}.Release|Any CPU.ActiveCfg = Release|Any CPU
		{7B26E7E2-5124-47D6-885D-C61FE442BB3D}.Release|Any CPU.Build.0 = Release|Any CPU
		{7B26E7E2-5124-47D6-885D-C61FE442BB3D}.Release|x64.ActiveCfg = Release|Any CPU
		{7B26E7E2-5124-47D6-885D-C61FE442BB3D}.Release|x64.Build.0 = Release|Any CPU
		{7B26E7E2-5124-47D6-885D-C61FE442BB3D}.Release|x86.ActiveCfg = Release|Any CPU
		{7B26E7E2-5124-47D6-885D-C61FE442BB3D}.Release|x86.Build.0 = Release|Any CPU
		{50CEC2BA-1DDD-4CF1-B020-DA7FCE3436A3}.Debug|Any CPU.ActiveCfg = Debug|Any CPU
		{50CEC2BA-1DDD-4CF1-B020-DA7FCE3436A3}.Debug|Any CPU.Build.0 = Debug|Any CPU
		{50CEC2BA-1DDD-4CF1-B020-DA7FCE3436A3}.Debug|x64.ActiveCfg = Debug|Any CPU
		{50CEC2BA-1DDD-4CF1-B020-DA7FCE3436A3}.Debug|x64.Build.0 = Debug|Any CPU
		{50CEC2BA-1DDD-4CF1-B020-DA7FCE3436A3}.Debug|x86.ActiveCfg = Debug|Any CPU
		{50CEC2BA-1DDD-4CF1-B020-DA7FCE3436A3}.Debug|x86.Build.0 = Debug|Any CPU
		{50CEC2BA-1DDD-4CF1-B020-DA7FCE3436A3}.Release|Any CPU.ActiveCfg = Release|Any CPU
		{50CEC2BA-1DDD-4CF1-B020-DA7FCE3436A3}.Release|Any CPU.Build.0 = Release|Any CPU
		{50CEC2BA-1DDD-4CF1-B020-DA7FCE3436A3}.Release|x64.ActiveCfg = Release|Any CPU
		{50CEC2BA-1DDD-4CF1-B020-DA7FCE3436A3}.Release|x64.Build.0 = Release|Any CPU
		{50CEC2BA-1DDD-4CF1-B020-DA7FCE3436A3}.Release|x86.ActiveCfg = Release|Any CPU
		{50CEC2BA-1DDD-4CF1-B020-DA7FCE3436A3}.Release|x86.Build.0 = Release|Any CPU
		{8AEE3C51-7F91-45A3-9B7A-D814CF2BB01F}.Debug|Any CPU.ActiveCfg = Debug|Any CPU
		{8AEE3C51-7F91-45A3-9B7A-D814CF2BB01F}.Debug|Any CPU.Build.0 = Debug|Any CPU
		{8AEE3C51-7F91-45A3-9B7A-D814CF2BB01F}.Debug|x64.ActiveCfg = Debug|Any CPU
		{8AEE3C51-7F91-45A3-9B7A-D814CF2BB01F}.Debug|x64.Build.0 = Debug|Any CPU
		{8AEE3C51-7F91-45A3-9B7A-D814CF2BB01F}.Debug|x86.ActiveCfg = Debug|Any CPU
		{8AEE3C51-7F91-45A3-9B7A-D814CF2BB01F}.Debug|x86.Build.0 = Debug|Any CPU
		{8AEE3C51-7F91-45A3-9B7A-D814CF2BB01F}.Release|Any CPU.ActiveCfg = Release|Any CPU
		{8AEE3C51-7F91-45A3-9B7A-D814CF2BB01F}.Release|Any CPU.Build.0 = Release|Any CPU
		{8AEE3C51-7F91-45A3-9B7A-D814CF2BB01F}.Release|x64.ActiveCfg = Release|Any CPU
		{8AEE3C51-7F91-45A3-9B7A-D814CF2BB01F}.Release|x64.Build.0 = Release|Any CPU
		{8AEE3C51-7F91-45A3-9B7A-D814CF2BB01F}.Release|x86.ActiveCfg = Release|Any CPU
		{8AEE3C51-7F91-45A3-9B7A-D814CF2BB01F}.Release|x86.Build.0 = Release|Any CPU
		{C8406343-92EB-4241-AD87-A70D17762E6E}.Debug|Any CPU.ActiveCfg = Debug|Any CPU
		{C8406343-92EB-4241-AD87-A70D17762E6E}.Debug|Any CPU.Build.0 = Debug|Any CPU
		{C8406343-92EB-4241-AD87-A70D17762E6E}.Debug|x64.ActiveCfg = Debug|Any CPU
		{C8406343-92EB-4241-AD87-A70D17762E6E}.Debug|x64.Build.0 = Debug|Any CPU
		{C8406343-92EB-4241-AD87-A70D17762E6E}.Debug|x86.ActiveCfg = Debug|Any CPU
		{C8406343-92EB-4241-AD87-A70D17762E6E}.Debug|x86.Build.0 = Debug|Any CPU
		{C8406343-92EB-4241-AD87-A70D17762E6E}.Release|Any CPU.ActiveCfg = Release|Any CPU
		{C8406343-92EB-4241-AD87-A70D17762E6E}.Release|Any CPU.Build.0 = Release|Any CPU
		{C8406343-92EB-4241-AD87-A70D17762E6E}.Release|x64.ActiveCfg = Release|Any CPU
		{C8406343-92EB-4241-AD87-A70D17762E6E}.Release|x64.Build.0 = Release|Any CPU
		{C8406343-92EB-4241-AD87-A70D17762E6E}.Release|x86.ActiveCfg = Release|Any CPU
		{C8406343-92EB-4241-AD87-A70D17762E6E}.Release|x86.Build.0 = Release|Any CPU
		{BDF4E811-3D35-4C19-BCB9-E1A6C3306961}.Debug|Any CPU.ActiveCfg = Debug|Any CPU
		{BDF4E811-3D35-4C19-BCB9-E1A6C3306961}.Debug|Any CPU.Build.0 = Debug|Any CPU
		{BDF4E811-3D35-4C19-BCB9-E1A6C3306961}.Debug|x64.ActiveCfg = Debug|Any CPU
		{BDF4E811-3D35-4C19-BCB9-E1A6C3306961}.Debug|x64.Build.0 = Debug|Any CPU
		{BDF4E811-3D35-4C19-BCB9-E1A6C3306961}.Debug|x86.ActiveCfg = Debug|Any CPU
		{BDF4E811-3D35-4C19-BCB9-E1A6C3306961}.Debug|x86.Build.0 = Debug|Any CPU
		{BDF4E811-3D35-4C19-BCB9-E1A6C3306961}.Release|Any CPU.ActiveCfg = Release|Any CPU
		{BDF4E811-3D35-4C19-BCB9-E1A6C3306961}.Release|Any CPU.Build.0 = Release|Any CPU
		{BDF4E811-3D35-4C19-BCB9-E1A6C3306961}.Release|x64.ActiveCfg = Release|Any CPU
		{BDF4E811-3D35-4C19-BCB9-E1A6C3306961}.Release|x64.Build.0 = Release|Any CPU
		{BDF4E811-3D35-4C19-BCB9-E1A6C3306961}.Release|x86.ActiveCfg = Release|Any CPU
		{BDF4E811-3D35-4C19-BCB9-E1A6C3306961}.Release|x86.Build.0 = Release|Any CPU
		{0B1717CB-C203-4C7D-938E-DE90BA73DA80}.Debug|Any CPU.ActiveCfg = Debug|Any CPU
		{0B1717CB-C203-4C7D-938E-DE90BA73DA80}.Debug|Any CPU.Build.0 = Debug|Any CPU
		{0B1717CB-C203-4C7D-938E-DE90BA73DA80}.Debug|x64.ActiveCfg = Debug|Any CPU
		{0B1717CB-C203-4C7D-938E-DE90BA73DA80}.Debug|x64.Build.0 = Debug|Any CPU
		{0B1717CB-C203-4C7D-938E-DE90BA73DA80}.Debug|x86.ActiveCfg = Debug|Any CPU
		{0B1717CB-C203-4C7D-938E-DE90BA73DA80}.Debug|x86.Build.0 = Debug|Any CPU
		{0B1717CB-C203-4C7D-938E-DE90BA73DA80}.Release|Any CPU.ActiveCfg = Release|Any CPU
		{0B1717CB-C203-4C7D-938E-DE90BA73DA80}.Release|Any CPU.Build.0 = Release|Any CPU
		{0B1717CB-C203-4C7D-938E-DE90BA73DA80}.Release|x64.ActiveCfg = Release|Any CPU
		{0B1717CB-C203-4C7D-938E-DE90BA73DA80}.Release|x64.Build.0 = Release|Any CPU
		{0B1717CB-C203-4C7D-938E-DE90BA73DA80}.Release|x86.ActiveCfg = Release|Any CPU
		{0B1717CB-C203-4C7D-938E-DE90BA73DA80}.Release|x86.Build.0 = Release|Any CPU
		{333EC915-1E0C-4A2F-975C-B141AC53C3F9}.Debug|Any CPU.ActiveCfg = Debug|Any CPU
		{333EC915-1E0C-4A2F-975C-B141AC53C3F9}.Debug|Any CPU.Build.0 = Debug|Any CPU
		{333EC915-1E0C-4A2F-975C-B141AC53C3F9}.Debug|x64.ActiveCfg = Debug|Any CPU
		{333EC915-1E0C-4A2F-975C-B141AC53C3F9}.Debug|x64.Build.0 = Debug|Any CPU
		{333EC915-1E0C-4A2F-975C-B141AC53C3F9}.Debug|x86.ActiveCfg = Debug|Any CPU
		{333EC915-1E0C-4A2F-975C-B141AC53C3F9}.Debug|x86.Build.0 = Debug|Any CPU
		{333EC915-1E0C-4A2F-975C-B141AC53C3F9}.Release|Any CPU.ActiveCfg = Release|Any CPU
		{333EC915-1E0C-4A2F-975C-B141AC53C3F9}.Release|Any CPU.Build.0 = Release|Any CPU
		{333EC915-1E0C-4A2F-975C-B141AC53C3F9}.Release|x64.ActiveCfg = Release|Any CPU
		{333EC915-1E0C-4A2F-975C-B141AC53C3F9}.Release|x64.Build.0 = Release|Any CPU
		{333EC915-1E0C-4A2F-975C-B141AC53C3F9}.Release|x86.ActiveCfg = Release|Any CPU
		{333EC915-1E0C-4A2F-975C-B141AC53C3F9}.Release|x86.Build.0 = Release|Any CPU
		{E429D48E-BE44-4B19-A1F3-A20EDBAF3B47}.Debug|Any CPU.ActiveCfg = Debug|Any CPU
		{E429D48E-BE44-4B19-A1F3-A20EDBAF3B47}.Debug|Any CPU.Build.0 = Debug|Any CPU
		{E429D48E-BE44-4B19-A1F3-A20EDBAF3B47}.Debug|x64.ActiveCfg = Debug|Any CPU
		{E429D48E-BE44-4B19-A1F3-A20EDBAF3B47}.Debug|x64.Build.0 = Debug|Any CPU
		{E429D48E-BE44-4B19-A1F3-A20EDBAF3B47}.Debug|x86.ActiveCfg = Debug|Any CPU
		{E429D48E-BE44-4B19-A1F3-A20EDBAF3B47}.Debug|x86.Build.0 = Debug|Any CPU
		{E429D48E-BE44-4B19-A1F3-A20EDBAF3B47}.Release|Any CPU.ActiveCfg = Release|Any CPU
		{E429D48E-BE44-4B19-A1F3-A20EDBAF3B47}.Release|Any CPU.Build.0 = Release|Any CPU
		{E429D48E-BE44-4B19-A1F3-A20EDBAF3B47}.Release|x64.ActiveCfg = Release|Any CPU
		{E429D48E-BE44-4B19-A1F3-A20EDBAF3B47}.Release|x64.Build.0 = Release|Any CPU
		{E429D48E-BE44-4B19-A1F3-A20EDBAF3B47}.Release|x86.ActiveCfg = Release|Any CPU
		{E429D48E-BE44-4B19-A1F3-A20EDBAF3B47}.Release|x86.Build.0 = Release|Any CPU
		{07CEAB91-EE83-44A1-8352-6CE50A6DC4C8}.Debug|Any CPU.ActiveCfg = Debug|Any CPU
		{07CEAB91-EE83-44A1-8352-6CE50A6DC4C8}.Debug|Any CPU.Build.0 = Debug|Any CPU
		{07CEAB91-EE83-44A1-8352-6CE50A6DC4C8}.Debug|x64.ActiveCfg = Debug|Any CPU
		{07CEAB91-EE83-44A1-8352-6CE50A6DC4C8}.Debug|x64.Build.0 = Debug|Any CPU
		{07CEAB91-EE83-44A1-8352-6CE50A6DC4C8}.Debug|x86.ActiveCfg = Debug|Any CPU
		{07CEAB91-EE83-44A1-8352-6CE50A6DC4C8}.Debug|x86.Build.0 = Debug|Any CPU
		{07CEAB91-EE83-44A1-8352-6CE50A6DC4C8}.Release|Any CPU.ActiveCfg = Release|Any CPU
		{07CEAB91-EE83-44A1-8352-6CE50A6DC4C8}.Release|Any CPU.Build.0 = Release|Any CPU
		{07CEAB91-EE83-44A1-8352-6CE50A6DC4C8}.Release|x64.ActiveCfg = Release|Any CPU
		{07CEAB91-EE83-44A1-8352-6CE50A6DC4C8}.Release|x64.Build.0 = Release|Any CPU
		{07CEAB91-EE83-44A1-8352-6CE50A6DC4C8}.Release|x86.ActiveCfg = Release|Any CPU
		{07CEAB91-EE83-44A1-8352-6CE50A6DC4C8}.Release|x86.Build.0 = Release|Any CPU
		{242F57A5-9B77-4E7D-A8AA-74B2F2E8B62A}.Debug|Any CPU.ActiveCfg = Debug|Any CPU
		{242F57A5-9B77-4E7D-A8AA-74B2F2E8B62A}.Debug|Any CPU.Build.0 = Debug|Any CPU
		{242F57A5-9B77-4E7D-A8AA-74B2F2E8B62A}.Debug|x64.ActiveCfg = Debug|Any CPU
		{242F57A5-9B77-4E7D-A8AA-74B2F2E8B62A}.Debug|x64.Build.0 = Debug|Any CPU
		{242F57A5-9B77-4E7D-A8AA-74B2F2E8B62A}.Debug|x86.ActiveCfg = Debug|Any CPU
		{242F57A5-9B77-4E7D-A8AA-74B2F2E8B62A}.Debug|x86.Build.0 = Debug|Any CPU
		{242F57A5-9B77-4E7D-A8AA-74B2F2E8B62A}.Release|Any CPU.ActiveCfg = Release|Any CPU
		{242F57A5-9B77-4E7D-A8AA-74B2F2E8B62A}.Release|Any CPU.Build.0 = Release|Any CPU
		{242F57A5-9B77-4E7D-A8AA-74B2F2E8B62A}.Release|x64.ActiveCfg = Release|Any CPU
		{242F57A5-9B77-4E7D-A8AA-74B2F2E8B62A}.Release|x64.Build.0 = Release|Any CPU
		{242F57A5-9B77-4E7D-A8AA-74B2F2E8B62A}.Release|x86.ActiveCfg = Release|Any CPU
		{242F57A5-9B77-4E7D-A8AA-74B2F2E8B62A}.Release|x86.Build.0 = Release|Any CPU
		{D4721B20-A17D-4D12-A42B-38F2F7DFCF1F}.Debug|Any CPU.ActiveCfg = Debug|Any CPU
		{D4721B20-A17D-4D12-A42B-38F2F7DFCF1F}.Debug|Any CPU.Build.0 = Debug|Any CPU
		{D4721B20-A17D-4D12-A42B-38F2F7DFCF1F}.Debug|x64.ActiveCfg = Debug|Any CPU
		{D4721B20-A17D-4D12-A42B-38F2F7DFCF1F}.Debug|x64.Build.0 = Debug|Any CPU
		{D4721B20-A17D-4D12-A42B-38F2F7DFCF1F}.Debug|x86.ActiveCfg = Debug|Any CPU
		{D4721B20-A17D-4D12-A42B-38F2F7DFCF1F}.Debug|x86.Build.0 = Debug|Any CPU
		{D4721B20-A17D-4D12-A42B-38F2F7DFCF1F}.Release|Any CPU.ActiveCfg = Release|Any CPU
		{D4721B20-A17D-4D12-A42B-38F2F7DFCF1F}.Release|Any CPU.Build.0 = Release|Any CPU
		{D4721B20-A17D-4D12-A42B-38F2F7DFCF1F}.Release|x64.ActiveCfg = Release|Any CPU
		{D4721B20-A17D-4D12-A42B-38F2F7DFCF1F}.Release|x64.Build.0 = Release|Any CPU
		{D4721B20-A17D-4D12-A42B-38F2F7DFCF1F}.Release|x86.ActiveCfg = Release|Any CPU
		{D4721B20-A17D-4D12-A42B-38F2F7DFCF1F}.Release|x86.Build.0 = Release|Any CPU
		{F9433454-ADF2-4CE9-B5EB-970E6EECAAEE}.Debug|Any CPU.ActiveCfg = Debug|Any CPU
		{F9433454-ADF2-4CE9-B5EB-970E6EECAAEE}.Debug|Any CPU.Build.0 = Debug|Any CPU
		{F9433454-ADF2-4CE9-B5EB-970E6EECAAEE}.Debug|x64.ActiveCfg = Debug|Any CPU
		{F9433454-ADF2-4CE9-B5EB-970E6EECAAEE}.Debug|x64.Build.0 = Debug|Any CPU
		{F9433454-ADF2-4CE9-B5EB-970E6EECAAEE}.Debug|x86.ActiveCfg = Debug|Any CPU
		{F9433454-ADF2-4CE9-B5EB-970E6EECAAEE}.Debug|x86.Build.0 = Debug|Any CPU
		{F9433454-ADF2-4CE9-B5EB-970E6EECAAEE}.Release|Any CPU.ActiveCfg = Release|Any CPU
		{F9433454-ADF2-4CE9-B5EB-970E6EECAAEE}.Release|Any CPU.Build.0 = Release|Any CPU
		{F9433454-ADF2-4CE9-B5EB-970E6EECAAEE}.Release|x64.ActiveCfg = Release|Any CPU
		{F9433454-ADF2-4CE9-B5EB-970E6EECAAEE}.Release|x64.Build.0 = Release|Any CPU
		{F9433454-ADF2-4CE9-B5EB-970E6EECAAEE}.Release|x86.ActiveCfg = Release|Any CPU
		{F9433454-ADF2-4CE9-B5EB-970E6EECAAEE}.Release|x86.Build.0 = Release|Any CPU
		{BE85FE87-85E1-4948-9081-04EAA29666C1}.Debug|Any CPU.ActiveCfg = Debug|Any CPU
		{BE85FE87-85E1-4948-9081-04EAA29666C1}.Debug|Any CPU.Build.0 = Debug|Any CPU
		{BE85FE87-85E1-4948-9081-04EAA29666C1}.Debug|x64.ActiveCfg = Debug|Any CPU
		{BE85FE87-85E1-4948-9081-04EAA29666C1}.Debug|x64.Build.0 = Debug|Any CPU
		{BE85FE87-85E1-4948-9081-04EAA29666C1}.Debug|x86.ActiveCfg = Debug|Any CPU
		{BE85FE87-85E1-4948-9081-04EAA29666C1}.Debug|x86.Build.0 = Debug|Any CPU
		{BE85FE87-85E1-4948-9081-04EAA29666C1}.Release|Any CPU.ActiveCfg = Release|Any CPU
		{BE85FE87-85E1-4948-9081-04EAA29666C1}.Release|Any CPU.Build.0 = Release|Any CPU
		{BE85FE87-85E1-4948-9081-04EAA29666C1}.Release|x64.ActiveCfg = Release|Any CPU
		{BE85FE87-85E1-4948-9081-04EAA29666C1}.Release|x64.Build.0 = Release|Any CPU
		{BE85FE87-85E1-4948-9081-04EAA29666C1}.Release|x86.ActiveCfg = Release|Any CPU
		{BE85FE87-85E1-4948-9081-04EAA29666C1}.Release|x86.Build.0 = Release|Any CPU
		{1F11E24A-BA3B-40DA-BB8C-90FCEE352466}.Debug|Any CPU.ActiveCfg = Debug|Any CPU
		{1F11E24A-BA3B-40DA-BB8C-90FCEE352466}.Debug|Any CPU.Build.0 = Debug|Any CPU
		{1F11E24A-BA3B-40DA-BB8C-90FCEE352466}.Debug|x64.ActiveCfg = Debug|Any CPU
		{1F11E24A-BA3B-40DA-BB8C-90FCEE352466}.Debug|x64.Build.0 = Debug|Any CPU
		{1F11E24A-BA3B-40DA-BB8C-90FCEE352466}.Debug|x86.ActiveCfg = Debug|Any CPU
		{1F11E24A-BA3B-40DA-BB8C-90FCEE352466}.Debug|x86.Build.0 = Debug|Any CPU
		{1F11E24A-BA3B-40DA-BB8C-90FCEE352466}.Release|Any CPU.ActiveCfg = Release|Any CPU
		{1F11E24A-BA3B-40DA-BB8C-90FCEE352466}.Release|Any CPU.Build.0 = Release|Any CPU
		{1F11E24A-BA3B-40DA-BB8C-90FCEE352466}.Release|x64.ActiveCfg = Release|Any CPU
		{1F11E24A-BA3B-40DA-BB8C-90FCEE352466}.Release|x64.Build.0 = Release|Any CPU
		{1F11E24A-BA3B-40DA-BB8C-90FCEE352466}.Release|x86.ActiveCfg = Release|Any CPU
		{1F11E24A-BA3B-40DA-BB8C-90FCEE352466}.Release|x86.Build.0 = Release|Any CPU
		{7B843A87-2F10-4B09-B8D5-31A8A63C4620}.Debug|Any CPU.ActiveCfg = Debug|Any CPU
		{7B843A87-2F10-4B09-B8D5-31A8A63C4620}.Debug|Any CPU.Build.0 = Debug|Any CPU
		{7B843A87-2F10-4B09-B8D5-31A8A63C4620}.Debug|x64.ActiveCfg = Debug|Any CPU
		{7B843A87-2F10-4B09-B8D5-31A8A63C4620}.Debug|x64.Build.0 = Debug|Any CPU
		{7B843A87-2F10-4B09-B8D5-31A8A63C4620}.Debug|x86.ActiveCfg = Debug|Any CPU
		{7B843A87-2F10-4B09-B8D5-31A8A63C4620}.Debug|x86.Build.0 = Debug|Any CPU
		{7B843A87-2F10-4B09-B8D5-31A8A63C4620}.Release|Any CPU.ActiveCfg = Release|Any CPU
		{7B843A87-2F10-4B09-B8D5-31A8A63C4620}.Release|Any CPU.Build.0 = Release|Any CPU
		{7B843A87-2F10-4B09-B8D5-31A8A63C4620}.Release|x64.ActiveCfg = Release|Any CPU
		{7B843A87-2F10-4B09-B8D5-31A8A63C4620}.Release|x64.Build.0 = Release|Any CPU
		{7B843A87-2F10-4B09-B8D5-31A8A63C4620}.Release|x86.ActiveCfg = Release|Any CPU
		{7B843A87-2F10-4B09-B8D5-31A8A63C4620}.Release|x86.Build.0 = Release|Any CPU
		{064E1E16-F347-4902-9F41-291903348535}.Debug|Any CPU.ActiveCfg = Debug|Any CPU
		{064E1E16-F347-4902-9F41-291903348535}.Debug|Any CPU.Build.0 = Debug|Any CPU
		{064E1E16-F347-4902-9F41-291903348535}.Debug|x64.ActiveCfg = Debug|Any CPU
		{064E1E16-F347-4902-9F41-291903348535}.Debug|x64.Build.0 = Debug|Any CPU
		{064E1E16-F347-4902-9F41-291903348535}.Debug|x86.ActiveCfg = Debug|Any CPU
		{064E1E16-F347-4902-9F41-291903348535}.Debug|x86.Build.0 = Debug|Any CPU
		{064E1E16-F347-4902-9F41-291903348535}.Release|Any CPU.ActiveCfg = Release|Any CPU
		{064E1E16-F347-4902-9F41-291903348535}.Release|Any CPU.Build.0 = Release|Any CPU
		{064E1E16-F347-4902-9F41-291903348535}.Release|x64.ActiveCfg = Release|Any CPU
		{064E1E16-F347-4902-9F41-291903348535}.Release|x64.Build.0 = Release|Any CPU
		{064E1E16-F347-4902-9F41-291903348535}.Release|x86.ActiveCfg = Release|Any CPU
		{064E1E16-F347-4902-9F41-291903348535}.Release|x86.Build.0 = Release|Any CPU
		{8A24E8E8-7F7D-4661-9A57-52FCE13D8F7D}.Debug|Any CPU.ActiveCfg = Debug|Any CPU
		{8A24E8E8-7F7D-4661-9A57-52FCE13D8F7D}.Debug|Any CPU.Build.0 = Debug|Any CPU
		{8A24E8E8-7F7D-4661-9A57-52FCE13D8F7D}.Debug|x64.ActiveCfg = Debug|Any CPU
		{8A24E8E8-7F7D-4661-9A57-52FCE13D8F7D}.Debug|x64.Build.0 = Debug|Any CPU
		{8A24E8E8-7F7D-4661-9A57-52FCE13D8F7D}.Debug|x86.ActiveCfg = Debug|Any CPU
		{8A24E8E8-7F7D-4661-9A57-52FCE13D8F7D}.Debug|x86.Build.0 = Debug|Any CPU
		{8A24E8E8-7F7D-4661-9A57-52FCE13D8F7D}.Release|Any CPU.ActiveCfg = Release|Any CPU
		{8A24E8E8-7F7D-4661-9A57-52FCE13D8F7D}.Release|Any CPU.Build.0 = Release|Any CPU
		{8A24E8E8-7F7D-4661-9A57-52FCE13D8F7D}.Release|x64.ActiveCfg = Release|Any CPU
		{8A24E8E8-7F7D-4661-9A57-52FCE13D8F7D}.Release|x64.Build.0 = Release|Any CPU
		{8A24E8E8-7F7D-4661-9A57-52FCE13D8F7D}.Release|x86.ActiveCfg = Release|Any CPU
		{8A24E8E8-7F7D-4661-9A57-52FCE13D8F7D}.Release|x86.Build.0 = Release|Any CPU
	EndGlobalSection
	GlobalSection(SolutionProperties) = preSolution
		HideSolutionNode = FALSE
	EndGlobalSection
	GlobalSection(NestedProjects) = preSolution
		{F24A0846-8212-4E4E-9456-3E46E4AC0301} = {0D22E885-31B7-4F33-8E58-AE0588642285}
		{FAB31568-4AB4-49F6-8F17-96894EC74298} = {095292FC-A7C7-4469-AA46-428F42507C29}
		{74E5E344-8236-41E0-8F3C-950B7C718F84} = {BFDDD205-F20C-4E2D-B11C-437F6DB7CD21}
		{766E948F-EACF-458C-9DBE-5811C5C64044} = {BFDDD205-F20C-4E2D-B11C-437F6DB7CD21}
		{7B26E7E2-5124-47D6-885D-C61FE442BB3D} = {BFDDD205-F20C-4E2D-B11C-437F6DB7CD21}
		{50CEC2BA-1DDD-4CF1-B020-DA7FCE3436A3} = {D732ED45-29E4-4904-BEC3-B6BB202DF90F}
		{8AEE3C51-7F91-45A3-9B7A-D814CF2BB01F} = {095292FC-A7C7-4469-AA46-428F42507C29}
		{C8406343-92EB-4241-AD87-A70D17762E6E} = {095292FC-A7C7-4469-AA46-428F42507C29}
		{BDF4E811-3D35-4C19-BCB9-E1A6C3306961} = {095292FC-A7C7-4469-AA46-428F42507C29}
		{333EC915-1E0C-4A2F-975C-B141AC53C3F9} = {D732ED45-29E4-4904-BEC3-B6BB202DF90F}
		{E429D48E-BE44-4B19-A1F3-A20EDBAF3B47} = {D732ED45-29E4-4904-BEC3-B6BB202DF90F}
		{07CEAB91-EE83-44A1-8352-6CE50A6DC4C8} = {D732ED45-29E4-4904-BEC3-B6BB202DF90F}
		{242F57A5-9B77-4E7D-A8AA-74B2F2E8B62A} = {D732ED45-29E4-4904-BEC3-B6BB202DF90F}
		{B1BE1ED2-E4DC-49D3-8498-915AD8406AB7} = {BF7FA572-B2CC-4E08-9D9E-3B89F9C4B636}
		{D4721B20-A17D-4D12-A42B-38F2F7DFCF1F} = {B1BE1ED2-E4DC-49D3-8498-915AD8406AB7}
		{F9433454-ADF2-4CE9-B5EB-970E6EECAAEE} = {B1BE1ED2-E4DC-49D3-8498-915AD8406AB7}
		{BE85FE87-85E1-4948-9081-04EAA29666C1} = {B1BE1ED2-E4DC-49D3-8498-915AD8406AB7}
		{1F11E24A-BA3B-40DA-BB8C-90FCEE352466} = {B1BE1ED2-E4DC-49D3-8498-915AD8406AB7}
		{7B843A87-2F10-4B09-B8D5-31A8A63C4620} = {D732ED45-29E4-4904-BEC3-B6BB202DF90F}
		{064E1E16-F347-4902-9F41-291903348535} = {D732ED45-29E4-4904-BEC3-B6BB202DF90F}
		{8A24E8E8-7F7D-4661-9A57-52FCE13D8F7D} = {2464FDFB-C45F-48CE-9FF8-611A726443E6}
	EndGlobalSection
	GlobalSection(ExtensibilityGlobals) = postSolution
		SolutionGuid = {82C47006-CE49-4F57-BFE9-8348B9B76CA0}
	EndGlobalSection
EndGlobal
